
Microsoft Visual Studio Solution File, Format Version 12.00
# Visual Studio Version 17
VisualStudioVersion = 17.5.002.0
MinimumVisualStudioVersion = 10.0.40219.1
Project("{2150E333-8FDC-42A3-9474-1A3956D46DE8}") = "csharp-prep", "csharp-prep", "{6DA47D09-6C3F-4EFA-934E-7F0BD5488EDF}"
EndProject
Project("{9A19103F-16F7-4668-BE54-9A1E7A4F7556}") = "Prep1", "csharp-prep\Prep1\Prep1.csproj", "{E3FD7237-9222-4E6C-AAC5-9DB6F636C464}"
EndProject
Project("{9A19103F-16F7-4668-BE54-9A1E7A4F7556}") = "Prep2", "csharp-prep\Prep2\Prep2.csproj", "{1310A5A0-D55F-42B9-A558-41B00E4908B1}"
EndProject
Project("{9A19103F-16F7-4668-BE54-9A1E7A4F7556}") = "Prep3", "csharp-prep\Prep3\Prep3.csproj", "{3E5850C9-ED10-4608-A240-0A9C3DAA9FF9}"
EndProject
Project("{9A19103F-16F7-4668-BE54-9A1E7A4F7556}") = "Prep4", "csharp-prep\Prep4\Prep4.csproj", "{06094175-3503-4001-8436-664F82CAD378}"
EndProject
Project("{9A19103F-16F7-4668-BE54-9A1E7A4F7556}") = "Prep5", "csharp-prep\Prep5\Prep5.csproj", "{FE8DF5F4-9124-41F5-85C2-A39BE0F06414}"
EndProject
Project("{2150E333-8FDC-42A3-9474-1A3956D46DE8}") = "final", "final", "{F1DB9793-848E-4AE0-AF25-9B86E77D9520}"
EndProject
Project("{9A19103F-16F7-4668-BE54-9A1E7A4F7556}") = "FinalProject", "final\FinalProject\FinalProject.csproj", "{2F3F50E6-E7AB-4146-999F-376937DE4E07}"
EndProject
Project("{9A19103F-16F7-4668-BE54-9A1E7A4F7556}") = "Foundation1", "final\Foundation1\Foundation1.csproj", "{048C3CA5-827F-4B83-9136-F82158DD0DCE}"
EndProject
Project("{9A19103F-16F7-4668-BE54-9A1E7A4F7556}") = "Foundation2", "final\Foundation2\Foundation2.csproj", "{96123694-50FD-459D-ABC4-D0FE44C1D6A7}"
EndProject
Project("{9A19103F-16F7-4668-BE54-9A1E7A4F7556}") = "Foundation3", "final\Foundation3\Foundation3.csproj", "{1CB049D2-A1F7-4F46-ABF0-86A45500D036}"
EndProject
Project("{9A19103F-16F7-4668-BE54-9A1E7A4F7556}") = "Foundation4", "final\Foundation4\Foundation4.csproj", "{10F6966E-CB58-421A-B06E-0F4299E67DE2}"
EndProject
Project("{2150E333-8FDC-42A3-9474-1A3956D46DE8}") = "prepare", "prepare", "{05B1B32F-16F1-448A-B14F-B3A64A269997}"
EndProject
Project("{9A19103F-16F7-4668-BE54-9A1E7A4F7556}") = "Learning02", "prepare\Learning02\Learning02.csproj", "{31CBDF5F-19BA-4D3A-AF31-566E14415B1D}"
EndProject
Project("{9A19103F-16F7-4668-BE54-9A1E7A4F7556}") = "Learning03", "prepare\Learning03\Learning03.csproj", "{63747117-B1B4-415B-B91D-916E9AD68D6B}"
EndProject
Project("{9A19103F-16F7-4668-BE54-9A1E7A4F7556}") = "Learning04", "prepare\Learning04\Learning04.csproj", "{EEF7DA89-4857-4056-9859-1BA13D945BD8}"
EndProject
Project("{9A19103F-16F7-4668-BE54-9A1E7A4F7556}") = "Learning05", "prepare\Learning05\Learning05.csproj", "{A951F8C4-CCB6-45ED-ABC7-852C80EDB22F}"
EndProject
Project("{2150E333-8FDC-42A3-9474-1A3956D46DE8}") = "prove", "prove", "{A8697709-D133-4891-BCC6-44AB6C721298}"
EndProject
Project("{9A19103F-16F7-4668-BE54-9A1E7A4F7556}") = "Develop02", "prove\Develop02\Develop02.csproj", "{B78CC755-E4FE-4456-93CD-C121B31AE8AA}"
EndProject
Project("{9A19103F-16F7-4668-BE54-9A1E7A4F7556}") = "Develop03", "prove\Develop03\Develop03.csproj", "{F562D2D8-91AB-46FA-BDF4-347D85974644}"
EndProject
Project("{9A19103F-16F7-4668-BE54-9A1E7A4F7556}") = "Develop04", "prove\Develop04\Develop04.csproj", "{8923F26C-2B55-4818-8DD5-DAB0B17E0D60}"
EndProject
Project("{9A19103F-16F7-4668-BE54-9A1E7A4F7556}") = "Develop05", "prove\Develop05\Develop05.csproj", "{ECA1A8DB-7C25-4961-ABE8-84D40B0B6A2C}"
EndProject
Project("{2150E333-8FDC-42A3-9474-1A3956D46DE8}") = "sandbox", "sandbox", "{CB15889C-44D9-4DAE-870C-3EF67D269A54}"
EndProject
Project("{9A19103F-16F7-4668-BE54-9A1E7A4F7556}") = "Sandbox", "sandbox\Sandbox\Sandbox.csproj", "{E4AFB51B-E4DF-4046-A1A3-F81D465AFC9A}"
EndProject
Global
	GlobalSection(SolutionConfigurationPlatforms) = preSolution
		Debug|Any CPU = Debug|Any CPU
		Release|Any CPU = Release|Any CPU
	EndGlobalSection
	GlobalSection(ProjectConfigurationPlatforms) = postSolution
		{E3FD7237-9222-4E6C-AAC5-9DB6F636C464}.Debug|Any CPU.ActiveCfg = Debug|Any CPU
		{E3FD7237-9222-4E6C-AAC5-9DB6F636C464}.Debug|Any CPU.Build.0 = Debug|Any CPU
		{E3FD7237-9222-4E6C-AAC5-9DB6F636C464}.Release|Any CPU.ActiveCfg = Release|Any CPU
		{E3FD7237-9222-4E6C-AAC5-9DB6F636C464}.Release|Any CPU.Build.0 = Release|Any CPU
		{1310A5A0-D55F-42B9-A558-41B00E4908B1}.Debug|Any CPU.ActiveCfg = Debug|Any CPU
		{1310A5A0-D55F-42B9-A558-41B00E4908B1}.Debug|Any CPU.Build.0 = Debug|Any CPU
		{1310A5A0-D55F-42B9-A558-41B00E4908B1}.Release|Any CPU.ActiveCfg = Release|Any CPU
		{1310A5A0-D55F-42B9-A558-41B00E4908B1}.Release|Any CPU.Build.0 = Release|Any CPU
		{3E5850C9-ED10-4608-A240-0A9C3DAA9FF9}.Debug|Any CPU.ActiveCfg = Debug|Any CPU
		{3E5850C9-ED10-4608-A240-0A9C3DAA9FF9}.Debug|Any CPU.Build.0 = Debug|Any CPU
		{3E5850C9-ED10-4608-A240-0A9C3DAA9FF9}.Release|Any CPU.ActiveCfg = Release|Any CPU
		{3E5850C9-ED10-4608-A240-0A9C3DAA9FF9}.Release|Any CPU.Build.0 = Release|Any CPU
		{06094175-3503-4001-8436-664F82CAD378}.Debug|Any CPU.ActiveCfg = Debug|Any CPU
		{06094175-3503-4001-8436-664F82CAD378}.Debug|Any CPU.Build.0 = Debug|Any CPU
		{06094175-3503-4001-8436-664F82CAD378}.Release|Any CPU.ActiveCfg = Release|Any CPU
		{06094175-3503-4001-8436-664F82CAD378}.Release|Any CPU.Build.0 = Release|Any CPU
		{FE8DF5F4-9124-41F5-85C2-A39BE0F06414}.Debug|Any CPU.ActiveCfg = Debug|Any CPU
		{FE8DF5F4-9124-41F5-85C2-A39BE0F06414}.Debug|Any CPU.Build.0 = Debug|Any CPU
		{FE8DF5F4-9124-41F5-85C2-A39BE0F06414}.Release|Any CPU.ActiveCfg = Release|Any CPU
		{FE8DF5F4-9124-41F5-85C2-A39BE0F06414}.Release|Any CPU.Build.0 = Release|Any CPU
		{2F3F50E6-E7AB-4146-999F-376937DE4E07}.Debug|Any CPU.ActiveCfg = Debug|Any CPU
		{2F3F50E6-E7AB-4146-999F-376937DE4E07}.Debug|Any CPU.Build.0 = Debug|Any CPU
		{2F3F50E6-E7AB-4146-999F-376937DE4E07}.Release|Any CPU.ActiveCfg = Release|Any CPU
		{2F3F50E6-E7AB-4146-999F-376937DE4E07}.Release|Any CPU.Build.0 = Release|Any CPU
		{048C3CA5-827F-4B83-9136-F82158DD0DCE}.Debug|Any CPU.ActiveCfg = Debug|Any CPU
		{048C3CA5-827F-4B83-9136-F82158DD0DCE}.Debug|Any CPU.Build.0 = Debug|Any CPU
		{048C3CA5-827F-4B83-9136-F82158DD0DCE}.Release|Any CPU.ActiveCfg = Release|Any CPU
		{048C3CA5-827F-4B83-9136-F82158DD0DCE}.Release|Any CPU.Build.0 = Release|Any CPU
		{96123694-50FD-459D-ABC4-D0FE44C1D6A7}.Debug|Any CPU.ActiveCfg = Debug|Any CPU
		{96123694-50FD-459D-ABC4-D0FE44C1D6A7}.Debug|Any CPU.Build.0 = Debug|Any CPU
		{96123694-50FD-459D-ABC4-D0FE44C1D6A7}.Release|Any CPU.ActiveCfg = Release|Any CPU
		{96123694-50FD-459D-ABC4-D0FE44C1D6A7}.Release|Any CPU.Build.0 = Release|Any CPU
		{1CB049D2-A1F7-4F46-ABF0-86A45500D036}.Debug|Any CPU.ActiveCfg = Debug|Any CPU
		{1CB049D2-A1F7-4F46-ABF0-86A45500D036}.Debug|Any CPU.Build.0 = Debug|Any CPU
		{1CB049D2-A1F7-4F46-ABF0-86A45500D036}.Release|Any CPU.ActiveCfg = Release|Any CPU
		{1CB049D2-A1F7-4F46-ABF0-86A45500D036}.Release|Any CPU.Build.0 = Release|Any CPU
		{10F6966E-CB58-421A-B06E-0F4299E67DE2}.Debug|Any CPU.ActiveCfg = Debug|Any CPU
		{10F6966E-CB58-421A-B06E-0F4299E67DE2}.Debug|Any CPU.Build.0 = Debug|Any CPU
		{10F6966E-CB58-421A-B06E-0F4299E67DE2}.Release|Any CPU.ActiveCfg = Release|Any CPU
		{10F6966E-CB58-421A-B06E-0F4299E67DE2}.Release|Any CPU.Build.0 = Release|Any CPU
		{31CBDF5F-19BA-4D3A-AF31-566E14415B1D}.Debug|Any CPU.ActiveCfg = Debug|Any CPU
		{31CBDF5F-19BA-4D3A-AF31-566E14415B1D}.Debug|Any CPU.Build.0 = Debug|Any CPU
		{31CBDF5F-19BA-4D3A-AF31-566E14415B1D}.Release|Any CPU.ActiveCfg = Release|Any CPU
		{31CBDF5F-19BA-4D3A-AF31-566E14415B1D}.Release|Any CPU.Build.0 = Release|Any CPU
		{63747117-B1B4-415B-B91D-916E9AD68D6B}.Debug|Any CPU.ActiveCfg = Debug|Any CPU
		{63747117-B1B4-415B-B91D-916E9AD68D6B}.Debug|Any CPU.Build.0 = Debug|Any CPU
		{63747117-B1B4-415B-B91D-916E9AD68D6B}.Release|Any CPU.ActiveCfg = Release|Any CPU
		{63747117-B1B4-415B-B91D-916E9AD68D6B}.Release|Any CPU.Build.0 = Release|Any CPU
		{EEF7DA89-4857-4056-9859-1BA13D945BD8}.Debug|Any CPU.ActiveCfg = Debug|Any CPU
		{EEF7DA89-4857-4056-9859-1BA13D945BD8}.Debug|Any CPU.Build.0 = Debug|Any CPU
		{EEF7DA89-4857-4056-9859-1BA13D945BD8}.Release|Any CPU.ActiveCfg = Release|Any CPU
		{EEF7DA89-4857-4056-9859-1BA13D945BD8}.Release|Any CPU.Build.0 = Release|Any CPU
		{A951F8C4-CCB6-45ED-ABC7-852C80EDB22F}.Debug|Any CPU.ActiveCfg = Debug|Any CPU
		{A951F8C4-CCB6-45ED-ABC7-852C80EDB22F}.Debug|Any CPU.Build.0 = Debug|Any CPU
		{A951F8C4-CCB6-45ED-ABC7-852C80EDB22F}.Release|Any CPU.ActiveCfg = Release|Any CPU
		{A951F8C4-CCB6-45ED-ABC7-852C80EDB22F}.Release|Any CPU.Build.0 = Release|Any CPU
		{B78CC755-E4FE-4456-93CD-C121B31AE8AA}.Debug|Any CPU.ActiveCfg = Debug|Any CPU
		{B78CC755-E4FE-4456-93CD-C121B31AE8AA}.Debug|Any CPU.Build.0 = Debug|Any CPU
		{B78CC755-E4FE-4456-93CD-C121B31AE8AA}.Release|Any CPU.ActiveCfg = Release|Any CPU
		{B78CC755-E4FE-4456-93CD-C121B31AE8AA}.Release|Any CPU.Build.0 = Release|Any CPU
		{F562D2D8-91AB-46FA-BDF4-347D85974644}.Debug|Any CPU.ActiveCfg = Debug|Any CPU
		{F562D2D8-91AB-46FA-BDF4-347D85974644}.Debug|Any CPU.Build.0 = Debug|Any CPU
		{F562D2D8-91AB-46FA-BDF4-347D85974644}.Release|Any CPU.ActiveCfg = Release|Any CPU
		{F562D2D8-91AB-46FA-BDF4-347D85974644}.Release|Any CPU.Build.0 = Release|Any CPU
		{8923F26C-2B55-4818-8DD5-DAB0B17E0D60}.Debug|Any CPU.ActiveCfg = Debug|Any CPU
		{8923F26C-2B55-4818-8DD5-DAB0B17E0D60}.Debug|Any CPU.Build.0 = Debug|Any CPU
		{8923F26C-2B55-4818-8DD5-DAB0B17E0D60}.Release|Any CPU.ActiveCfg = Release|Any CPU
		{8923F26C-2B55-4818-8DD5-DAB0B17E0D60}.Release|Any CPU.Build.0 = Release|Any CPU
		{ECA1A8DB-7C25-4961-ABE8-84D40B0B6A2C}.Debug|Any CPU.ActiveCfg = Debug|Any CPU
		{ECA1A8DB-7C25-4961-ABE8-84D40B0B6A2C}.Debug|Any CPU.Build.0 = Debug|Any CPU
		{ECA1A8DB-7C25-4961-ABE8-84D40B0B6A2C}.Release|Any CPU.ActiveCfg = Release|Any CPU
		{ECA1A8DB-7C25-4961-ABE8-84D40B0B6A2C}.Release|Any CPU.Build.0 = Release|Any CPU
		{E4AFB51B-E4DF-4046-A1A3-F81D465AFC9A}.Debug|Any CPU.ActiveCfg = Debug|Any CPU
		{E4AFB51B-E4DF-4046-A1A3-F81D465AFC9A}.Debug|Any CPU.Build.0 = Debug|Any CPU
		{E4AFB51B-E4DF-4046-A1A3-F81D465AFC9A}.Release|Any CPU.ActiveCfg = Release|Any CPU
		{E4AFB51B-E4DF-4046-A1A3-F81D465AFC9A}.Release|Any CPU.Build.0 = Release|Any CPU
	EndGlobalSection
	GlobalSection(SolutionProperties) = preSolution
		HideSolutionNode = FALSE
	EndGlobalSection
	GlobalSection(NestedProjects) = preSolution
		{E3FD7237-9222-4E6C-AAC5-9DB6F636C464} = {6DA47D09-6C3F-4EFA-934E-7F0BD5488EDF}
		{1310A5A0-D55F-42B9-A558-41B00E4908B1} = {6DA47D09-6C3F-4EFA-934E-7F0BD5488EDF}
		{3E5850C9-ED10-4608-A240-0A9C3DAA9FF9} = {6DA47D09-6C3F-4EFA-934E-7F0BD5488EDF}
		{06094175-3503-4001-8436-664F82CAD378} = {6DA47D09-6C3F-4EFA-934E-7F0BD5488EDF}
		{FE8DF5F4-9124-41F5-85C2-A39BE0F06414} = {6DA47D09-6C3F-4EFA-934E-7F0BD5488EDF}
		{2F3F50E6-E7AB-4146-999F-376937DE4E07} = {F1DB9793-848E-4AE0-AF25-9B86E77D9520}
		{048C3CA5-827F-4B83-9136-F82158DD0DCE} = {F1DB9793-848E-4AE0-AF25-9B86E77D9520}
		{96123694-50FD-459D-ABC4-D0FE44C1D6A7} = {F1DB9793-848E-4AE0-AF25-9B86E77D9520}
		{1CB049D2-A1F7-4F46-ABF0-86A45500D036} = {F1DB9793-848E-4AE0-AF25-9B86E77D9520}
		{10F6966E-CB58-421A-B06E-0F4299E67DE2} = {F1DB9793-848E-4AE0-AF25-9B86E77D9520}
		{31CBDF5F-19BA-4D3A-AF31-566E14415B1D} = {05B1B32F-16F1-448A-B14F-B3A64A269997}
		{63747117-B1B4-415B-B91D-916E9AD68D6B} = {05B1B32F-16F1-448A-B14F-B3A64A269997}
		{EEF7DA89-4857-4056-9859-1BA13D945BD8} = {05B1B32F-16F1-448A-B14F-B3A64A269997}
		{A951F8C4-CCB6-45ED-ABC7-852C80EDB22F} = {05B1B32F-16F1-448A-B14F-B3A64A269997}
		{B78CC755-E4FE-4456-93CD-C121B31AE8AA} = {A8697709-D133-4891-BCC6-44AB6C721298}
		{F562D2D8-91AB-46FA-BDF4-347D85974644} = {A8697709-D133-4891-BCC6-44AB6C721298}
		{8923F26C-2B55-4818-8DD5-DAB0B17E0D60} = {A8697709-D133-4891-BCC6-44AB6C721298}
		{ECA1A8DB-7C25-4961-ABE8-84D40B0B6A2C} = {A8697709-D133-4891-BCC6-44AB6C721298}
		{E4AFB51B-E4DF-4046-A1A3-F81D465AFC9A} = {CB15889C-44D9-4DAE-870C-3EF67D269A54}
	EndGlobalSection
	GlobalSection(ExtensibilityGlobals) = postSolution
		SolutionGuid = {D082859B-152B-4C09-9EF7-E54250299182}
	EndGlobalSection
EndGlobal
